
Microsoft Visual Studio Solution File, Format Version 12.00
# Visual Studio Version 16
VisualStudioVersion = 16.0.29806.167
MinimumVisualStudioVersion = 10.0.40219.1
Project("{FAE04EC0-301F-11D3-BF4B-00C04F79EFBC}") = "Ejecicio1", "Ejecicio1.csproj", "{DFB35E18-6FD6-44C7-BB46-E3B00C89F89F}"
EndProject
Global
	GlobalSection(SolutionConfigurationPlatforms) = preSolution
		Debug|Any CPU = Debug|Any CPU
		Release|Any CPU = Release|Any CPU
	EndGlobalSection
	GlobalSection(ProjectConfigurationPlatforms) = postSolution
		{DFB35E18-6FD6-44C7-BB46-E3B00C89F89F}.Debug|Any CPU.ActiveCfg = Debug|Any CPU
		{DFB35E18-6FD6-44C7-BB46-E3B00C89F89F}.Debug|Any CPU.Build.0 = Debug|Any CPU
		{DFB35E18-6FD6-44C7-BB46-E3B00C89F89F}.Release|Any CPU.ActiveCfg = Release|Any CPU
		{DFB35E18-6FD6-44C7-BB46-E3B00C89F89F}.Release|Any CPU.Build.0 = Release|Any CPU
	EndGlobalSection
	GlobalSection(SolutionProperties) = preSolution
		HideSolutionNode = FALSE
	EndGlobalSection
	GlobalSection(ExtensibilityGlobals) = postSolution
		SolutionGuid = {4A951A84-A054-477B-A87B-8BFB39A9A033}
	EndGlobalSection
EndGlobal
